
Microsoft Visual Studio Solution File, Format Version 12.00
# Visual Studio Version 16
VisualStudioVersion = 16.0.31025.194
MinimumVisualStudioVersion = 10.0.40219.1
Project("{FAE04EC0-301F-11D3-BF4B-00C04F79EFBC}") = "SnakeAndLadderUC6", "SnakeAndLadderUC6\SnakeAndLadderUC6.csproj", "{8E348B49-E8B3-4CAC-826A-AAB2918D6F76}"
EndProject
Global
	GlobalSection(SolutionConfigurationPlatforms) = preSolution
		Debug|Any CPU = Debug|Any CPU
		Release|Any CPU = Release|Any CPU
	EndGlobalSection
	GlobalSection(ProjectConfigurationPlatforms) = postSolution
		{8E348B49-E8B3-4CAC-826A-AAB2918D6F76}.Debug|Any CPU.ActiveCfg = Debug|Any CPU
		{8E348B49-E8B3-4CAC-826A-AAB2918D6F76}.Debug|Any CPU.Build.0 = Debug|Any CPU
		{8E348B49-E8B3-4CAC-826A-AAB2918D6F76}.Release|Any CPU.ActiveCfg = Release|Any CPU
		{8E348B49-E8B3-4CAC-826A-AAB2918D6F76}.Release|Any CPU.Build.0 = Release|Any CPU
	EndGlobalSection
	GlobalSection(SolutionProperties) = preSolution
		HideSolutionNode = FALSE
	EndGlobalSection
	GlobalSection(ExtensibilityGlobals) = postSolution
		SolutionGuid = {79CDA975-9984-4C43-8E87-1F86F701BF28}
	EndGlobalSection
EndGlobal
